// !$*UTF8*$!
{
	archiveVersion = 1;
	classes = {
	};
	objectVersion = 46;
	objects = {

/* Begin PBXBuildFile section */
		E32E191E1E6E7C870049F721 /* RangeOfMotionViewController.swift in Sources */ = {isa = PBXBuildFile; fileRef = E32E191D1E6E7C870049F721 /* RangeOfMotionViewController.swift */; };
		E3C9F9E81E6D377A00AC9A45 /* AppDelegate.swift in Sources */ = {isa = PBXBuildFile; fileRef = E3C9F9E71E6D377A00AC9A45 /* AppDelegate.swift */; };
		E3C9F9EA1E6D377A00AC9A45 /* ViewController.swift in Sources */ = {isa = PBXBuildFile; fileRef = E3C9F9E91E6D377A00AC9A45 /* ViewController.swift */; };
		E3C9F9ED1E6D377B00AC9A45 /* Main.storyboard in Resources */ = {isa = PBXBuildFile; fileRef = E3C9F9EB1E6D377B00AC9A45 /* Main.storyboard */; };
		E3C9F9EF1E6D377B00AC9A45 /* Assets.xcassets in Resources */ = {isa = PBXBuildFile; fileRef = E3C9F9EE1E6D377B00AC9A45 /* Assets.xcassets */; };
		E3C9F9F21E6D377B00AC9A45 /* LaunchScreen.storyboard in Resources */ = {isa = PBXBuildFile; fileRef = E3C9F9F01E6D377B00AC9A45 /* LaunchScreen.storyboard */; };
		E3C9F9FD1E6D377B00AC9A45 /* ALS_WarriorTests.swift in Sources */ = {isa = PBXBuildFile; fileRef = E3C9F9FC1E6D377B00AC9A45 /* ALS_WarriorTests.swift */; };
		E3C9FA081E6D377B00AC9A45 /* ALS_WarriorUITests.swift in Sources */ = {isa = PBXBuildFile; fileRef = E3C9FA071E6D377B00AC9A45 /* ALS_WarriorUITests.swift */; };
		E3C9FA1C1E6E5EFB00AC9A45 /* TapTestViewController.swift in Sources */ = {isa = PBXBuildFile; fileRef = E3C9FA1B1E6E5EFB00AC9A45 /* TapTestViewController.swift */; };
/* End PBXBuildFile section */

/* Begin PBXContainerItemProxy section */
		E3C9F9F91E6D377B00AC9A45 /* PBXContainerItemProxy */ = {
			isa = PBXContainerItemProxy;
			containerPortal = E3C9F9DC1E6D377600AC9A45 /* Project object */;
			proxyType = 1;
			remoteGlobalIDString = E3C9F9E31E6D377700AC9A45;
			remoteInfo = ALS_Warrior;
		};
		E3C9FA041E6D377B00AC9A45 /* PBXContainerItemProxy */ = {
			isa = PBXContainerItemProxy;
			containerPortal = E3C9F9DC1E6D377600AC9A45 /* Project object */;
			proxyType = 1;
			remoteGlobalIDString = E3C9F9E31E6D377700AC9A45;
			remoteInfo = ALS_Warrior;
		};
/* End PBXContainerItemProxy section */

/* Begin PBXFileReference section */
		E32E191D1E6E7C870049F721 /* RangeOfMotionViewController.swift */ = {isa = PBXFileReference; fileEncoding = 4; lastKnownFileType = sourcecode.swift; path = RangeOfMotionViewController.swift; sourceTree = "<group>"; };
		E3C9F9E41E6D377A00AC9A45 /* ALS_Warrior.app */ = {isa = PBXFileReference; explicitFileType = wrapper.application; includeInIndex = 0; path = ALS_Warrior.app; sourceTree = BUILT_PRODUCTS_DIR; };
		E3C9F9E71E6D377A00AC9A45 /* AppDelegate.swift */ = {isa = PBXFileReference; lastKnownFileType = sourcecode.swift; path = AppDelegate.swift; sourceTree = "<group>"; };
		E3C9F9E91E6D377A00AC9A45 /* ViewController.swift */ = {isa = PBXFileReference; lastKnownFileType = sourcecode.swift; path = ViewController.swift; sourceTree = "<group>"; };
		E3C9F9EC1E6D377B00AC9A45 /* Base */ = {isa = PBXFileReference; lastKnownFileType = file.storyboard; name = Base; path = Base.lproj/Main.storyboard; sourceTree = "<group>"; };
		E3C9F9EE1E6D377B00AC9A45 /* Assets.xcassets */ = {isa = PBXFileReference; lastKnownFileType = folder.assetcatalog; path = Assets.xcassets; sourceTree = "<group>"; };
		E3C9F9F11E6D377B00AC9A45 /* Base */ = {isa = PBXFileReference; lastKnownFileType = file.storyboard; name = Base; path = Base.lproj/LaunchScreen.storyboard; sourceTree = "<group>"; };
		E3C9F9F31E6D377B00AC9A45 /* Info.plist */ = {isa = PBXFileReference; lastKnownFileType = text.plist.xml; path = Info.plist; sourceTree = "<group>"; };
		E3C9F9F81E6D377B00AC9A45 /* ALS_WarriorTests.xctest */ = {isa = PBXFileReference; explicitFileType = wrapper.cfbundle; includeInIndex = 0; path = ALS_WarriorTests.xctest; sourceTree = BUILT_PRODUCTS_DIR; };
		E3C9F9FC1E6D377B00AC9A45 /* ALS_WarriorTests.swift */ = {isa = PBXFileReference; lastKnownFileType = sourcecode.swift; path = ALS_WarriorTests.swift; sourceTree = "<group>"; };
		E3C9F9FE1E6D377B00AC9A45 /* Info.plist */ = {isa = PBXFileReference; lastKnownFileType = text.plist.xml; path = Info.plist; sourceTree = "<group>"; };
		E3C9FA031E6D377B00AC9A45 /* ALS_WarriorUITests.xctest */ = {isa = PBXFileReference; explicitFileType = wrapper.cfbundle; includeInIndex = 0; path = ALS_WarriorUITests.xctest; sourceTree = BUILT_PRODUCTS_DIR; };
		E3C9FA071E6D377B00AC9A45 /* ALS_WarriorUITests.swift */ = {isa = PBXFileReference; lastKnownFileType = sourcecode.swift; path = ALS_WarriorUITests.swift; sourceTree = "<group>"; };
		E3C9FA091E6D377B00AC9A45 /* Info.plist */ = {isa = PBXFileReference; lastKnownFileType = text.plist.xml; path = Info.plist; sourceTree = "<group>"; };
		E3C9FA1B1E6E5EFB00AC9A45 /* TapTestViewController.swift */ = {isa = PBXFileReference; fileEncoding = 4; lastKnownFileType = sourcecode.swift; path = TapTestViewController.swift; sourceTree = "<group>"; };
/* End PBXFileReference section */

/* Begin PBXFrameworksBuildPhase section */
		E3C9F9E11E6D377700AC9A45 /* Frameworks */ = {
			isa = PBXFrameworksBuildPhase;
			buildActionMask = 2147483647;
			files = (
			);
			runOnlyForDeploymentPostprocessing = 0;
		};
		E3C9F9F51E6D377B00AC9A45 /* Frameworks */ = {
			isa = PBXFrameworksBuildPhase;
			buildActionMask = 2147483647;
			files = (
			);
			runOnlyForDeploymentPostprocessing = 0;
		};
		E3C9FA001E6D377B00AC9A45 /* Frameworks */ = {
			isa = PBXFrameworksBuildPhase;
			buildActionMask = 2147483647;
			files = (
			);
			runOnlyForDeploymentPostprocessing = 0;
		};
/* End PBXFrameworksBuildPhase section */

/* Begin PBXGroup section */
		E3C9F9DB1E6D377600AC9A45 = {
			isa = PBXGroup;
			children = (
				E3C9F9E61E6D377A00AC9A45 /* ALS_Warrior */,
				E3C9F9FB1E6D377B00AC9A45 /* ALS_WarriorTests */,
				E3C9FA061E6D377B00AC9A45 /* ALS_WarriorUITests */,
				E3C9F9E51E6D377A00AC9A45 /* Products */,
			);
			sourceTree = "<group>";
		};
		E3C9F9E51E6D377A00AC9A45 /* Products */ = {
			isa = PBXGroup;
			children = (
				E3C9F9E41E6D377A00AC9A45 /* ALS_Warrior.app */,
				E3C9F9F81E6D377B00AC9A45 /* ALS_WarriorTests.xctest */,
				E3C9FA031E6D377B00AC9A45 /* ALS_WarriorUITests.xctest */,
			);
			name = Products;
			sourceTree = "<group>";
		};
		E3C9F9E61E6D377A00AC9A45 /* ALS_Warrior */ = {
			isa = PBXGroup;
			children = (
				E3C9F9E71E6D377A00AC9A45 /* AppDelegate.swift */,
				E3C9F9E91E6D377A00AC9A45 /* ViewController.swift */,
				E3C9FA1B1E6E5EFB00AC9A45 /* TapTestViewController.swift */,
				E32E191D1E6E7C870049F721 /* RangeOfMotionViewController.swift */,
				E3C9F9EB1E6D377B00AC9A45 /* Main.storyboard */,
				E3C9F9EE1E6D377B00AC9A45 /* Assets.xcassets */,
				E3C9F9F01E6D377B00AC9A45 /* LaunchScreen.storyboard */,
				E3C9F9F31E6D377B00AC9A45 /* Info.plist */,
			);
			path = ALS_Warrior;
			sourceTree = "<group>";
		};
		E3C9F9FB1E6D377B00AC9A45 /* ALS_WarriorTests */ = {
			isa = PBXGroup;
			children = (
				E3C9F9FC1E6D377B00AC9A45 /* ALS_WarriorTests.swift */,
				E3C9F9FE1E6D377B00AC9A45 /* Info.plist */,
			);
			path = ALS_WarriorTests;
			sourceTree = "<group>";
		};
		E3C9FA061E6D377B00AC9A45 /* ALS_WarriorUITests */ = {
			isa = PBXGroup;
			children = (
				E3C9FA071E6D377B00AC9A45 /* ALS_WarriorUITests.swift */,
				E3C9FA091E6D377B00AC9A45 /* Info.plist */,
			);
			path = ALS_WarriorUITests;
			sourceTree = "<group>";
		};
/* End PBXGroup section */

/* Begin PBXNativeTarget section */
		E3C9F9E31E6D377700AC9A45 /* ALS_Warrior */ = {
			isa = PBXNativeTarget;
			buildConfigurationList = E3C9FA0C1E6D377B00AC9A45 /* Build configuration list for PBXNativeTarget "ALS_Warrior" */;
			buildPhases = (
				E3C9F9E01E6D377700AC9A45 /* Sources */,
				E3C9F9E11E6D377700AC9A45 /* Frameworks */,
				E3C9F9E21E6D377700AC9A45 /* Resources */,
			);
			buildRules = (
			);
			dependencies = (
			);
			name = ALS_Warrior;
			productName = ALS_Warrior;
			productReference = E3C9F9E41E6D377A00AC9A45 /* ALS_Warrior.app */;
			productType = "com.apple.product-type.application";
		};
		E3C9F9F71E6D377B00AC9A45 /* ALS_WarriorTests */ = {
			isa = PBXNativeTarget;
			buildConfigurationList = E3C9FA0F1E6D377B00AC9A45 /* Build configuration list for PBXNativeTarget "ALS_WarriorTests" */;
			buildPhases = (
				E3C9F9F41E6D377B00AC9A45 /* Sources */,
				E3C9F9F51E6D377B00AC9A45 /* Frameworks */,
				E3C9F9F61E6D377B00AC9A45 /* Resources */,
			);
			buildRules = (
			);
			dependencies = (
				E3C9F9FA1E6D377B00AC9A45 /* PBXTargetDependency */,
			);
			name = ALS_WarriorTests;
			productName = ALS_WarriorTests;
			productReference = E3C9F9F81E6D377B00AC9A45 /* ALS_WarriorTests.xctest */;
			productType = "com.apple.product-type.bundle.unit-test";
		};
		E3C9FA021E6D377B00AC9A45 /* ALS_WarriorUITests */ = {
			isa = PBXNativeTarget;
			buildConfigurationList = E3C9FA121E6D377B00AC9A45 /* Build configuration list for PBXNativeTarget "ALS_WarriorUITests" */;
			buildPhases = (
				E3C9F9FF1E6D377B00AC9A45 /* Sources */,
				E3C9FA001E6D377B00AC9A45 /* Frameworks */,
				E3C9FA011E6D377B00AC9A45 /* Resources */,
			);
			buildRules = (
			);
			dependencies = (
				E3C9FA051E6D377B00AC9A45 /* PBXTargetDependency */,
			);
			name = ALS_WarriorUITests;
			productName = ALS_WarriorUITests;
			productReference = E3C9FA031E6D377B00AC9A45 /* ALS_WarriorUITests.xctest */;
			productType = "com.apple.product-type.bundle.ui-testing";
		};
/* End PBXNativeTarget section */

/* Begin PBXProject section */
		E3C9F9DC1E6D377600AC9A45 /* Project object */ = {
			isa = PBXProject;
			attributes = {
				LastSwiftUpdateCheck = 0810;
				LastUpgradeCheck = 0810;
				ORGANIZATIONNAME = "Justin Larkin";
				TargetAttributes = {
					E3C9F9E31E6D377700AC9A45 = {
						CreatedOnToolsVersion = 8.1;
						ProvisioningStyle = Automatic;
					};
					E3C9F9F71E6D377B00AC9A45 = {
						CreatedOnToolsVersion = 8.1;
						ProvisioningStyle = Automatic;
						TestTargetID = E3C9F9E31E6D377700AC9A45;
					};
					E3C9FA021E6D377B00AC9A45 = {
						CreatedOnToolsVersion = 8.1;
						ProvisioningStyle = Automatic;
						TestTargetID = E3C9F9E31E6D377700AC9A45;
					};
				};
			};
			buildConfigurationList = E3C9F9DF1E6D377600AC9A45 /* Build configuration list for PBXProject "ALS_Warrior" */;
			compatibilityVersion = "Xcode 3.2";
			developmentRegion = English;
			hasScannedForEncodings = 0;
			knownRegions = (
				en,
				Base,
			);
			mainGroup = E3C9F9DB1E6D377600AC9A45;
			productRefGroup = E3C9F9E51E6D377A00AC9A45 /* Products */;
			projectDirPath = "";
			projectRoot = "";
			targets = (
				E3C9F9E31E6D377700AC9A45 /* ALS_Warrior */,
				E3C9F9F71E6D377B00AC9A45 /* ALS_WarriorTests */,
				E3C9FA021E6D377B00AC9A45 /* ALS_WarriorUITests */,
			);
		};
/* End PBXProject section */

/* Begin PBXResourcesBuildPhase section */
		E3C9F9E21E6D377700AC9A45 /* Resources */ = {
			isa = PBXResourcesBuildPhase;
			buildActionMask = 2147483647;
			files = (
				E3C9F9F21E6D377B00AC9A45 /* LaunchScreen.storyboard in Resources */,
				E3C9F9EF1E6D377B00AC9A45 /* Assets.xcassets in Resources */,
				E3C9F9ED1E6D377B00AC9A45 /* Main.storyboard in Resources */,
			);
			runOnlyForDeploymentPostprocessing = 0;
		};
		E3C9F9F61E6D377B00AC9A45 /* Resources */ = {
			isa = PBXResourcesBuildPhase;
			buildActionMask = 2147483647;
			files = (
			);
			runOnlyForDeploymentPostprocessing = 0;
		};
		E3C9FA011E6D377B00AC9A45 /* Resources */ = {
			isa = PBXResourcesBuildPhase;
			buildActionMask = 2147483647;
			files = (
			);
			runOnlyForDeploymentPostprocessing = 0;
		};
/* End PBXResourcesBuildPhase section */

/* Begin PBXSourcesBuildPhase section */
		E3C9F9E01E6D377700AC9A45 /* Sources */ = {
			isa = PBXSourcesBuildPhase;
			buildActionMask = 2147483647;
			files = (
				E3C9F9EA1E6D377A00AC9A45 /* ViewController.swift in Sources */,
				E32E191E1E6E7C870049F721 /* RangeOfMotionViewController.swift in Sources */,
				E3C9FA1C1E6E5EFB00AC9A45 /* TapTestViewController.swift in Sources */,
				E3C9F9E81E6D377A00AC9A45 /* AppDelegate.swift in Sources */,
			);
			runOnlyForDeploymentPostprocessing = 0;
		};
		E3C9F9F41E6D377B00AC9A45 /* Sources */ = {
			isa = PBXSourcesBuildPhase;
			buildActionMask = 2147483647;
			files = (
				E3C9F9FD1E6D377B00AC9A45 /* ALS_WarriorTests.swift in Sources */,
			);
			runOnlyForDeploymentPostprocessing = 0;
		};
		E3C9F9FF1E6D377B00AC9A45 /* Sources */ = {
			isa = PBXSourcesBuildPhase;
			buildActionMask = 2147483647;
			files = (
				E3C9FA081E6D377B00AC9A45 /* ALS_WarriorUITests.swift in Sources */,
			);
			runOnlyForDeploymentPostprocessing = 0;
		};
/* End PBXSourcesBuildPhase section */

/* Begin PBXTargetDependency section */
		E3C9F9FA1E6D377B00AC9A45 /* PBXTargetDependency */ = {
			isa = PBXTargetDependency;
			target = E3C9F9E31E6D377700AC9A45 /* ALS_Warrior */;
			targetProxy = E3C9F9F91E6D377B00AC9A45 /* PBXContainerItemProxy */;
		};
		E3C9FA051E6D377B00AC9A45 /* PBXTargetDependency */ = {
			isa = PBXTargetDependency;
			target = E3C9F9E31E6D377700AC9A45 /* ALS_Warrior */;
			targetProxy = E3C9FA041E6D377B00AC9A45 /* PBXContainerItemProxy */;
		};
/* End PBXTargetDependency section */

/* Begin PBXVariantGroup section */
		E3C9F9EB1E6D377B00AC9A45 /* Main.storyboard */ = {
			isa = PBXVariantGroup;
			children = (
				E3C9F9EC1E6D377B00AC9A45 /* Base */,
			);
			name = Main.storyboard;
			sourceTree = "<group>";
		};
		E3C9F9F01E6D377B00AC9A45 /* LaunchScreen.storyboard */ = {
			isa = PBXVariantGroup;
			children = (
				E3C9F9F11E6D377B00AC9A45 /* Base */,
			);
			name = LaunchScreen.storyboard;
			sourceTree = "<group>";
		};
/* End PBXVariantGroup section */

/* Begin XCBuildConfiguration section */
		E3C9FA0A1E6D377B00AC9A45 /* Debug */ = {
			isa = XCBuildConfiguration;
			buildSettings = {
				ALWAYS_SEARCH_USER_PATHS = NO;
				CLANG_ANALYZER_NONNULL = YES;
				CLANG_CXX_LANGUAGE_STANDARD = "gnu++0x";
				CLANG_CXX_LIBRARY = "libc++";
				CLANG_ENABLE_MODULES = YES;
				CLANG_ENABLE_OBJC_ARC = YES;
				CLANG_WARN_BOOL_CONVERSION = YES;
				CLANG_WARN_CONSTANT_CONVERSION = YES;
				CLANG_WARN_DIRECT_OBJC_ISA_USAGE = YES_ERROR;
				CLANG_WARN_DOCUMENTATION_COMMENTS = YES;
				CLANG_WARN_EMPTY_BODY = YES;
				CLANG_WARN_ENUM_CONVERSION = YES;
				CLANG_WARN_INFINITE_RECURSION = YES;
				CLANG_WARN_INT_CONVERSION = YES;
				CLANG_WARN_OBJC_ROOT_CLASS = YES_ERROR;
				CLANG_WARN_SUSPICIOUS_MOVES = YES;
				CLANG_WARN_UNREACHABLE_CODE = YES;
				CLANG_WARN__DUPLICATE_METHOD_MATCH = YES;
				"CODE_SIGN_IDENTITY[sdk=iphoneos*]" = "iPhone Developer";
				COPY_PHASE_STRIP = NO;
				DEBUG_INFORMATION_FORMAT = dwarf;
				ENABLE_STRICT_OBJC_MSGSEND = YES;
				ENABLE_TESTABILITY = YES;
				GCC_C_LANGUAGE_STANDARD = gnu99;
				GCC_DYNAMIC_NO_PIC = NO;
				GCC_NO_COMMON_BLOCKS = YES;
				GCC_OPTIMIZATION_LEVEL = 0;
				GCC_PREPROCESSOR_DEFINITIONS = (
					"DEBUG=1",
					"$(inherited)",
				);
				GCC_WARN_64_TO_32_BIT_CONVERSION = YES;
				GCC_WARN_ABOUT_RETURN_TYPE = YES_ERROR;
				GCC_WARN_UNDECLARED_SELECTOR = YES;
				GCC_WARN_UNINITIALIZED_AUTOS = YES_AGGRESSIVE;
				GCC_WARN_UNUSED_FUNCTION = YES;
				GCC_WARN_UNUSED_VARIABLE = YES;
				IPHONEOS_DEPLOYMENT_TARGET = 10.1;
				MTL_ENABLE_DEBUG_INFO = YES;
				ONLY_ACTIVE_ARCH = YES;
				SDKROOT = iphoneos;
				SWIFT_ACTIVE_COMPILATION_CONDITIONS = DEBUG;
				SWIFT_OPTIMIZATION_LEVEL = "-Onone";
				TARGETED_DEVICE_FAMILY = "1,2";
			};
			name = Debug;
		};
		E3C9FA0B1E6D377B00AC9A45 /* Release */ = {
			isa = XCBuildConfiguration;
			buildSettings = {
				ALWAYS_SEARCH_USER_PATHS = NO;
				CLANG_ANALYZER_NONNULL = YES;
				CLANG_CXX_LANGUAGE_STANDARD = "gnu++0x";
				CLANG_CXX_LIBRARY = "libc++";
				CLANG_ENABLE_MODULES = YES;
				CLANG_ENABLE_OBJC_ARC = YES;
				CLANG_WARN_BOOL_CONVERSION = YES;
				CLANG_WARN_CONSTANT_CONVERSION = YES;
				CLANG_WARN_DIRECT_OBJC_ISA_USAGE = YES_ERROR;
				CLANG_WARN_DOCUMENTATION_COMMENTS = YES;
				CLANG_WARN_EMPTY_BODY = YES;
				CLANG_WARN_ENUM_CONVERSION = YES;
				CLANG_WARN_INFINITE_RECURSION = YES;
				CLANG_WARN_INT_CONVERSION = YES;
				CLANG_WARN_OBJC_ROOT_CLASS = YES_ERROR;
				CLANG_WARN_SUSPICIOUS_MOVES = YES;
				CLANG_WARN_UNREACHABLE_CODE = YES;
				CLANG_WARN__DUPLICATE_METHOD_MATCH = YES;
				"CODE_SIGN_IDENTITY[sdk=iphoneos*]" = "iPhone Developer";
				COPY_PHASE_STRIP = NO;
				DEBUG_INFORMATION_FORMAT = "dwarf-with-dsym";
				ENABLE_NS_ASSERTIONS = NO;
				ENABLE_STRICT_OBJC_MSGSEND = YES;
				GCC_C_LANGUAGE_STANDARD = gnu99;
				GCC_NO_COMMON_BLOCKS = YES;
				GCC_WARN_64_TO_32_BIT_CONVERSION = YES;
				GCC_WARN_ABOUT_RETURN_TYPE = YES_ERROR;
				GCC_WARN_UNDECLARED_SELECTOR = YES;
				GCC_WARN_UNINITIALIZED_AUTOS = YES_AGGRESSIVE;
				GCC_WARN_UNUSED_FUNCTION = YES;
				GCC_WARN_UNUSED_VARIABLE = YES;
				IPHONEOS_DEPLOYMENT_TARGET = 10.1;
				MTL_ENABLE_DEBUG_INFO = NO;
				SDKROOT = iphoneos;
				SWIFT_OPTIMIZATION_LEVEL = "-Owholemodule";
				TARGETED_DEVICE_FAMILY = "1,2";
				VALIDATE_PRODUCT = YES;
			};
			name = Release;
		};
		E3C9FA0D1E6D377B00AC9A45 /* Debug */ = {
			isa = XCBuildConfiguration;
			buildSettings = {
				ASSETCATALOG_COMPILER_APPICON_NAME = AppIcon;
				INFOPLIST_FILE = ALS_Warrior/Info.plist;
				LD_RUNPATH_SEARCH_PATHS = "$(inherited) @executable_path/Frameworks";
				PRODUCT_BUNDLE_IDENTIFIER = "gsu.ALS-Warrior";
				PRODUCT_NAME = "$(TARGET_NAME)";
				SWIFT_VERSION = 3.0;
				TARGETED_DEVICE_FAMILY = "1,2";
			};
			name = Debug;
		};
		E3C9FA0E1E6D377B00AC9A45 /* Release */ = {
			isa = XCBuildConfiguration;
			buildSettings = {
				ASSETCATALOG_COMPILER_APPICON_NAME = AppIcon;
				INFOPLIST_FILE = ALS_Warrior/Info.plist;
				LD_RUNPATH_SEARCH_PATHS = "$(inherited) @executable_path/Frameworks";
				PRODUCT_BUNDLE_IDENTIFIER = "gsu.ALS-Warrior";
				PRODUCT_NAME = "$(TARGET_NAME)";
				SWIFT_VERSION = 3.0;
				TARGETED_DEVICE_FAMILY = "1,2";
			};
			name = Release;
		};
		E3C9FA101E6D377B00AC9A45 /* Debug */ = {
			isa = XCBuildConfiguration;
			buildSettings = {
				ALWAYS_EMBED_SWIFT_STANDARD_LIBRARIES = YES;
				BUNDLE_LOADER = "$(TEST_HOST)";
				INFOPLIST_FILE = ALS_WarriorTests/Info.plist;
				LD_RUNPATH_SEARCH_PATHS = "$(inherited) @executable_path/Frameworks @loader_path/Frameworks";
				PRODUCT_BUNDLE_IDENTIFIER = "gsu.ALS-WarriorTests";
				PRODUCT_NAME = "$(TARGET_NAME)";
				SWIFT_VERSION = 3.0;
				TEST_HOST = "$(BUILT_PRODUCTS_DIR)/ALS_Warrior.app/ALS_Warrior";
			};
			name = Debug;
		};
		E3C9FA111E6D377B00AC9A45 /* Release */ = {
			isa = XCBuildConfiguration;
			buildSettings = {
				ALWAYS_EMBED_SWIFT_STANDARD_LIBRARIES = YES;
				BUNDLE_LOADER = "$(TEST_HOST)";
				INFOPLIST_FILE = ALS_WarriorTests/Info.plist;
				LD_RUNPATH_SEARCH_PATHS = "$(inherited) @executable_path/Frameworks @loader_path/Frameworks";
				PRODUCT_BUNDLE_IDENTIFIER = "gsu.ALS-WarriorTests";
				PRODUCT_NAME = "$(TARGET_NAME)";
				SWIFT_VERSION = 3.0;
				TEST_HOST = "$(BUILT_PRODUCTS_DIR)/ALS_Warrior.app/ALS_Warrior";
			};
			name = Release;
		};
		E3C9FA131E6D377B00AC9A45 /* Debug */ = {
			isa = XCBuildConfiguration;
			buildSettings = {
				ALWAYS_EMBED_SWIFT_STANDARD_LIBRARIES = YES;
				INFOPLIST_FILE = ALS_WarriorUITests/Info.plist;
				LD_RUNPATH_SEARCH_PATHS = "$(inherited) @executable_path/Frameworks @loader_path/Frameworks";
				PRODUCT_BUNDLE_IDENTIFIER = "gsu.ALS-WarriorUITests";
				PRODUCT_NAME = "$(TARGET_NAME)";
				SWIFT_VERSION = 3.0;
				TEST_TARGET_NAME = ALS_Warrior;
			};
			name = Debug;
		};
		E3C9FA141E6D377B00AC9A45 /* Release */ = {
			isa = XCBuildConfiguration;
			buildSettings = {
				ALWAYS_EMBED_SWIFT_STANDARD_LIBRARIES = YES;
				INFOPLIST_FILE = ALS_WarriorUITests/Info.plist;
				LD_RUNPATH_SEARCH_PATHS = "$(inherited) @executable_path/Frameworks @loader_path/Frameworks";
				PRODUCT_BUNDLE_IDENTIFIER = "gsu.ALS-WarriorUITests";
				PRODUCT_NAME = "$(TARGET_NAME)";
				SWIFT_VERSION = 3.0;
				TEST_TARGET_NAME = ALS_Warrior;
			};
			name = Release;
		};
/* End XCBuildConfiguration section */

/* Begin XCConfigurationList section */
		E3C9F9DF1E6D377600AC9A45 /* Build configuration list for PBXProject "ALS_Warrior" */ = {
			isa = XCConfigurationList;
			buildConfigurations = (
				E3C9FA0A1E6D377B00AC9A45 /* Debug */,
				E3C9FA0B1E6D377B00AC9A45 /* Release */,
			);
			defaultConfigurationIsVisible = 0;
			defaultConfigurationName = Release;
		};
		E3C9FA0C1E6D377B00AC9A45 /* Build configuration list for PBXNativeTarget "ALS_Warrior" */ = {
			isa = XCConfigurationList;
			buildConfigurations = (
				E3C9FA0D1E6D377B00AC9A45 /* Debug */,
				E3C9FA0E1E6D377B00AC9A45 /* Release */,
			);
			defaultConfigurationIsVisible = 0;
			defaultConfigurationName = Release;
		};
		E3C9FA0F1E6D377B00AC9A45 /* Build configuration list for PBXNativeTarget "ALS_WarriorTests" */ = {
			isa = XCConfigurationList;
			buildConfigurations = (
				E3C9FA101E6D377B00AC9A45 /* Debug */,
				E3C9FA111E6D377B00AC9A45 /* Release */,
			);
			defaultConfigurationIsVisible = 0;
			defaultConfigurationName = Release;
		};
		E3C9FA121E6D377B00AC9A45 /* Build configuration list for PBXNativeTarget "ALS_WarriorUITests" */ = {
			isa = XCConfigurationList;
			buildConfigurations = (
				E3C9FA131E6D377B00AC9A45 /* Debug */,
				E3C9FA141E6D377B00AC9A45 /* Release */,
			);
			defaultConfigurationIsVisible = 0;
			defaultConfigurationName = Release;
		};
/* End XCConfigurationList section */
	};
	rootObject = E3C9F9DC1E6D377600AC9A45 /* Project object */;
}
